
Microsoft Visual Studio Solution File, Format Version 12.00
# Visual Studio Version 16
VisualStudioVersion = 16.0.33423.256
MinimumVisualStudioVersion = 10.0.40219.1
Project("{9A19103F-16F7-4668-BE54-9A1E7A4F7556}") = "Application1", "Application1.csproj", "{74C1D401-85BB-4334-889E-8E5A18A3DCC4}"
EndProject
Project("{2150E333-8FDC-42A3-9474-1A3956D46DE8}") = "Solution Items", "Solution Items", "{687AAE54-DAB2-4CBC-90E8-03E3FE814237}"
	ProjectSection(SolutionItems) = preProject
		.editorconfig = .editorconfig
	EndProjectSection
EndProject
Global
	GlobalSection(SolutionConfigurationPlatforms) = preSolution
		Debug|Any CPU = Debug|Any CPU
		Release|Any CPU = Release|Any CPU
	EndGlobalSection
	GlobalSection(ProjectConfigurationPlatforms) = postSolution
		{74C1D401-85BB-4334-889E-8E5A18A3DCC4}.Debug|Any CPU.ActiveCfg = Debug|Any CPU
		{74C1D401-85BB-4334-889E-8E5A18A3DCC4}.Debug|Any CPU.Build.0 = Debug|Any CPU
		{74C1D401-85BB-4334-889E-8E5A18A3DCC4}.Release|Any CPU.ActiveCfg = Release|Any CPU
		{74C1D401-85BB-4334-889E-8E5A18A3DCC4}.Release|Any CPU.Build.0 = Release|Any CPU
	EndGlobalSection
	GlobalSection(SolutionProperties) = preSolution
		HideSolutionNode = FALSE
	EndGlobalSection
	GlobalSection(ExtensibilityGlobals) = postSolution
		SolutionGuid = {15D657A0-15F9-49BD-9929-10B61760A548}
	EndGlobalSection
EndGlobal
